
Microsoft Visual Studio Solution File, Format Version 12.00
# Visual Studio Version 17
VisualStudioVersion = 17.7.34031.279
MinimumVisualStudioVersion = 10.0.40219.1
Project("{FAE04EC0-301F-11D3-BF4B-00C04F79EFBC}") = "QLKhachSan", "QLKhachSan\QLKhachSan.csproj", "{14F90EE9-A50D-415D-A203-8B9708260AB0}"
EndProject
Global
	GlobalSection(SolutionConfigurationPlatforms) = preSolution
		Debug|Any CPU = Debug|Any CPU
		Release|Any CPU = Release|Any CPU
	EndGlobalSection
	GlobalSection(ProjectConfigurationPlatforms) = postSolution
		{14F90EE9-A50D-415D-A203-8B9708260AB0}.Debug|Any CPU.ActiveCfg = Debug|Any CPU
		{14F90EE9-A50D-415D-A203-8B9708260AB0}.Debug|Any CPU.Build.0 = Debug|Any CPU
		{14F90EE9-A50D-415D-A203-8B9708260AB0}.Release|Any CPU.ActiveCfg = Release|Any CPU
		{14F90EE9-A50D-415D-A203-8B9708260AB0}.Release|Any CPU.Build.0 = Release|Any CPU
	EndGlobalSection
	GlobalSection(SolutionProperties) = preSolution
		HideSolutionNode = FALSE
	EndGlobalSection
	GlobalSection(ExtensibilityGlobals) = postSolution
		SolutionGuid = {CCDE17F3-4B31-40A3-AF9F-2B2428C35478}
	EndGlobalSection
EndGlobal
